
Microsoft Visual Studio Solution File, Format Version 12.00
# Visual Studio Version 17
VisualStudioVersion = 17.8.34316.72
MinimumVisualStudioVersion = 10.0.40219.1
Project("{9A19103F-16F7-4668-BE54-9A1E7A4F7556}") = "FloralHub.Florist.Api", "src\FloralHub.Florist.Api\FloralHub.Florist.Api.csproj", "{CC9FC515-140D-43B3-B4BC-47DC9FD722DD}"
EndProject
Project("{2150E333-8FDC-42A3-9474-1A3956D46DE8}") = "Solution Items", "Solution Items", "{7EAAD421-BE8D-4BB1-AB4D-311D58EBBED8}"
	ProjectSection(SolutionItems) = preProject
		.dockerignore = .dockerignore
		.editorconfig = .editorconfig
		.gitignore = .gitignore
		Directory.Build.props = Directory.Build.props
	EndProjectSection
EndProject
Project("{FAE04EC0-301F-11D3-BF4B-00C04F79EFBC}") = "FloralHub.Florist.Application", "src\FloralHub.Florist.Application\FloralHub.Florist.Application.csproj", "{4CC6D6D8-0BA3-4231-870D-A369D667E7B3}"
EndProject
Project("{FAE04EC0-301F-11D3-BF4B-00C04F79EFBC}") = "FloralHub.Florist.Infrastructure", "src\FloralHub.Florist.Infrastructure\FloralHub.Florist.Infrastructure.csproj", "{22E82C61-CE8B-4B7D-B43D-0A32F4A4829A}"
EndProject
Project("{FAE04EC0-301F-11D3-BF4B-00C04F79EFBC}") = "FloralHub.Florist.Domain", "src\FloralHub.Florist.Domain\FloralHub.Florist.Domain.csproj", "{F7B97F3F-CC88-4B3A-ABA3-0B120140AD7D}"
EndProject
Global
	GlobalSection(SolutionConfigurationPlatforms) = preSolution
		Debug|Any CPU = Debug|Any CPU
		Release|Any CPU = Release|Any CPU
	EndGlobalSection
	GlobalSection(ProjectConfigurationPlatforms) = postSolution
		{CC9FC515-140D-43B3-B4BC-47DC9FD722DD}.Debug|Any CPU.ActiveCfg = Debug|Any CPU
		{CC9FC515-140D-43B3-B4BC-47DC9FD722DD}.Debug|Any CPU.Build.0 = Debug|Any CPU
		{CC9FC515-140D-43B3-B4BC-47DC9FD722DD}.Release|Any CPU.ActiveCfg = Release|Any CPU
		{CC9FC515-140D-43B3-B4BC-47DC9FD722DD}.Release|Any CPU.Build.0 = Release|Any CPU
		{4CC6D6D8-0BA3-4231-870D-A369D667E7B3}.Debug|Any CPU.ActiveCfg = Debug|Any CPU
		{4CC6D6D8-0BA3-4231-870D-A369D667E7B3}.Debug|Any CPU.Build.0 = Debug|Any CPU
		{4CC6D6D8-0BA3-4231-870D-A369D667E7B3}.Release|Any CPU.ActiveCfg = Release|Any CPU
		{4CC6D6D8-0BA3-4231-870D-A369D667E7B3}.Release|Any CPU.Build.0 = Release|Any CPU
		{22E82C61-CE8B-4B7D-B43D-0A32F4A4829A}.Debug|Any CPU.ActiveCfg = Debug|Any CPU
		{22E82C61-CE8B-4B7D-B43D-0A32F4A4829A}.Debug|Any CPU.Build.0 = Debug|Any CPU
		{22E82C61-CE8B-4B7D-B43D-0A32F4A4829A}.Release|Any CPU.ActiveCfg = Release|Any CPU
		{22E82C61-CE8B-4B7D-B43D-0A32F4A4829A}.Release|Any CPU.Build.0 = Release|Any CPU
		{F7B97F3F-CC88-4B3A-ABA3-0B120140AD7D}.Debug|Any CPU.ActiveCfg = Debug|Any CPU
		{F7B97F3F-CC88-4B3A-ABA3-0B120140AD7D}.Debug|Any CPU.Build.0 = Debug|Any CPU
		{F7B97F3F-CC88-4B3A-ABA3-0B120140AD7D}.Release|Any CPU.ActiveCfg = Release|Any CPU
		{F7B97F3F-CC88-4B3A-ABA3-0B120140AD7D}.Release|Any CPU.Build.0 = Release|Any CPU
	EndGlobalSection
	GlobalSection(SolutionProperties) = preSolution
		HideSolutionNode = FALSE
	EndGlobalSection
	GlobalSection(ExtensibilityGlobals) = postSolution
		SolutionGuid = {FBBF8809-3D34-4D17-B159-FEF3D61D3159}
	EndGlobalSection
EndGlobal
